github.com/google/go-cmp v0.6.0 h1:ofyhxvXcZhMsU5ulbFiLKl/XBFqE1GSq7atu8tAmTRI=
github.com/google/go-cmp v0.6.0/go.mod h1:17dUlkBOakJ0+DkrSSNjCkIjxS6bF9zb3elmeNGIjoY=
github.com/gorilla/mux v1.8.1 h1:TuBL49tXwgrFYWhqrNgrUNEY92u81SPhu7sTdzQEiWY=
github.com/gorilla/mux v1.8.1/go.mod h1:AKf9I4AEqPTmMytcMc0KkNouC66V3BtZ4qD5fmWSiMQ=
github.com/shoenig/go-conceal v0.5.4 h1:xLzarDUw3vUJjz+DirzO58yijkX4I9F1KA+RPZMLGLY=
github.com/shoenig/go-conceal v0.5.4/go.mod h1:LXmjZn/bO1Nrtvfex4VNbKViVE+aMhVvskZx8o7HBfs=
github.com/shoenig/test v1.8.2 h1:WDlty8UBqJRdmgdJX8lMwvCq97tiN7Um/GZD2vBDuug=
github.com/shoenig/test v1.8.2/go.mod h1:UxJ6u/x2v/TNs/LoLxBNJRV9DiwBBKYxXSyczsBHFoI=
